
Microsoft Visual Studio Solution File, Format Version 12.00
# Visual Studio Version 17
VisualStudioVersion = 17.2.32630.192
MinimumVisualStudioVersion = 10.0.40219.1
Project("{9A19103F-16F7-4668-BE54-9A1E7A4F7556}") = "RazorPizzeria", "RazorPizzeria.csproj", "{CAB4ADF5-278E-40D4-BEF5-05BC24797102}"
EndProject
Global
	GlobalSection(SolutionConfigurationPlatforms) = preSolution
		Debug|Any CPU = Debug|Any CPU
		Release|Any CPU = Release|Any CPU
	EndGlobalSection
	GlobalSection(ProjectConfigurationPlatforms) = postSolution
		{CAB4ADF5-278E-40D4-BEF5-05BC24797102}.Debug|Any CPU.ActiveCfg = Debug|Any CPU
		{CAB4ADF5-278E-40D4-BEF5-05BC24797102}.Debug|Any CPU.Build.0 = Debug|Any CPU
		{CAB4ADF5-278E-40D4-BEF5-05BC24797102}.Release|Any CPU.ActiveCfg = Release|Any CPU
		{CAB4ADF5-278E-40D4-BEF5-05BC24797102}.Release|Any CPU.Build.0 = Release|Any CPU
	EndGlobalSection
	GlobalSection(SolutionProperties) = preSolution
		HideSolutionNode = FALSE
	EndGlobalSection
	GlobalSection(ExtensibilityGlobals) = postSolution
		SolutionGuid = {DAD6650C-ACF5-4FB1-8117-C5F79CA6866B}
	EndGlobalSection
EndGlobal
